github.com/bep/hugo-mod-bootstrap-scss v0.0.0-20230407134957-753506e0bf2e h1:4Ov0PuE3VeF8FCklFbURJ7JgP2wqyXoa2vE8eqL5dxk=
github.com/bep/hugo-mod-bootstrap-scss v0.0.0-20230407134957-753506e0bf2e/go.mod h1:w0bU2Cziolp6ANuw9nOvTbEPbwnTiw0nhMB04gtFQag=
github.com/gohugoio/hugo-mod-jslibs-dist/popperjs/v2 v2.21100.20000/go.mod h1:mFberT6ZtcchrsDtfvJM7aAH2bDKLdOnruUHl0hlapI=
github.com/twbs/bootstrap v5.3.0-alpha3+incompatible/go.mod h1:fZTSrkpSf0/HkL0IIJzvVspTt1r9zuf7XlZau8kpcY0=
